
Microsoft Visual Studio Solution File, Format Version 12.00
# Visual Studio Version 16
VisualStudioVersion = 16.0.29215.179
MinimumVisualStudioVersion = 10.0.40219.1
Project("{FAE04EC0-301F-11D3-BF4B-00C04F79EFBC}") = "WhatsForLunch", "WhatsForLunch\WhatsForLunch.csproj", "{0B222F23-B88F-4BF1-A79A-41E1E128739B}"
EndProject
Global
	GlobalSection(SolutionConfigurationPlatforms) = preSolution
		Debug|Any CPU = Debug|Any CPU
		Release|Any CPU = Release|Any CPU
	EndGlobalSection
	GlobalSection(ProjectConfigurationPlatforms) = postSolution
		{0B222F23-B88F-4BF1-A79A-41E1E128739B}.Debug|Any CPU.ActiveCfg = Debug|Any CPU
		{0B222F23-B88F-4BF1-A79A-41E1E128739B}.Debug|Any CPU.Build.0 = Debug|Any CPU
		{0B222F23-B88F-4BF1-A79A-41E1E128739B}.Release|Any CPU.ActiveCfg = Release|Any CPU
		{0B222F23-B88F-4BF1-A79A-41E1E128739B}.Release|Any CPU.Build.0 = Release|Any CPU
	EndGlobalSection
	GlobalSection(SolutionProperties) = preSolution
		HideSolutionNode = FALSE
	EndGlobalSection
	GlobalSection(ExtensibilityGlobals) = postSolution
		SolutionGuid = {282B8941-D266-4405-842B-1071BDB0D107}
	EndGlobalSection
EndGlobal
